// !$*UTF8*$!
{
	archiveVersion = 1;
	classes = {
	};
	objectVersion = 50;
	objects = {

/* Begin PBXBuildFile section */
		5179C1C920E8597800884E69 /* AppDelegate.swift in Sources */ = {isa = PBXBuildFile; fileRef = 5179C1C820E8597800884E69 /* AppDelegate.swift */; };
		5179C1CB20E8597800884E69 /* FirstViewController.swift in Sources */ = {isa = PBXBuildFile; fileRef = 5179C1CA20E8597800884E69 /* FirstViewController.swift */; };
		5179C1CE20E8597800884E69 /* Main.storyboard in Resources */ = {isa = PBXBuildFile; fileRef = 5179C1CC20E8597800884E69 /* Main.storyboard */; };
		5179C1D020E8597B00884E69 /* Assets.xcassets in Resources */ = {isa = PBXBuildFile; fileRef = 5179C1CF20E8597B00884E69 /* Assets.xcassets */; };
		5179C1D320E8597B00884E69 /* LaunchScreen.storyboard in Resources */ = {isa = PBXBuildFile; fileRef = 5179C1D120E8597B00884E69 /* LaunchScreen.storyboard */; };
		5179C1DE20E8597B00884E69 /* ScreenTranzsitionTests.swift in Sources */ = {isa = PBXBuildFile; fileRef = 5179C1DD20E8597B00884E69 /* ScreenTranzsitionTests.swift */; };
		5179C1E920E8597C00884E69 /* ScreenTranzsitionUITests.swift in Sources */ = {isa = PBXBuildFile; fileRef = 5179C1E820E8597C00884E69 /* ScreenTranzsitionUITests.swift */; };
		5179C1F720E8636700884E69 /* SecoundViewController.swift in Sources */ = {isa = PBXBuildFile; fileRef = 5179C1F620E8636700884E69 /* SecoundViewController.swift */; };
		5179C1FB20E8754100884E69 /* ThreeViewController.swift in Sources */ = {isa = PBXBuildFile; fileRef = 5179C1FA20E8754100884E69 /* ThreeViewController.swift */; };
		5179C1FD20E8841C00884E69 /* MenuViewController.swift in Sources */ = {isa = PBXBuildFile; fileRef = 5179C1FC20E8841C00884E69 /* MenuViewController.swift */; };
		5179C1FF20E8AC7800884E69 /* ParamUtil.swift in Sources */ = {isa = PBXBuildFile; fileRef = 5179C1FE20E8AC7800884E69 /* ParamUtil.swift */; };
/* End PBXBuildFile section */

/* Begin PBXContainerItemProxy section */
		5179C1DA20E8597B00884E69 /* PBXContainerItemProxy */ = {
			isa = PBXContainerItemProxy;
			containerPortal = 5179C1BD20E8597800884E69 /* Project object */;
			proxyType = 1;
			remoteGlobalIDString = 5179C1C420E8597800884E69;
			remoteInfo = ScreenTranzsition;
		};
		5179C1E520E8597C00884E69 /* PBXContainerItemProxy */ = {
			isa = PBXContainerItemProxy;
			containerPortal = 5179C1BD20E8597800884E69 /* Project object */;
			proxyType = 1;
			remoteGlobalIDString = 5179C1C420E8597800884E69;
			remoteInfo = ScreenTranzsition;
		};
/* End PBXContainerItemProxy section */

/* Begin PBXFileReference section */
		5179C1C520E8597800884E69 /* ScreenTranzsition.app */ = {isa = PBXFileReference; explicitFileType = wrapper.application; includeInIndex = 0; path = ScreenTranzsition.app; sourceTree = BUILT_PRODUCTS_DIR; };
		5179C1C820E8597800884E69 /* AppDelegate.swift */ = {isa = PBXFileReference; lastKnownFileType = sourcecode.swift; path = AppDelegate.swift; sourceTree = "<group>"; };
		5179C1CA20E8597800884E69 /* FirstViewController.swift */ = {isa = PBXFileReference; lastKnownFileType = sourcecode.swift; path = FirstViewController.swift; sourceTree = "<group>"; };
		5179C1CD20E8597800884E69 /* Base */ = {isa = PBXFileReference; lastKnownFileType = file.storyboard; name = Base; path = Base.lproj/Main.storyboard; sourceTree = "<group>"; };
		5179C1CF20E8597B00884E69 /* Assets.xcassets */ = {isa = PBXFileReference; lastKnownFileType = folder.assetcatalog; path = Assets.xcassets; sourceTree = "<group>"; };
		5179C1D220E8597B00884E69 /* Base */ = {isa = PBXFileReference; lastKnownFileType = file.storyboard; name = Base; path = Base.lproj/LaunchScreen.storyboard; sourceTree = "<group>"; };
		5179C1D420E8597B00884E69 /* Info.plist */ = {isa = PBXFileReference; lastKnownFileType = text.plist.xml; path = Info.plist; sourceTree = "<group>"; };
		5179C1D920E8597B00884E69 /* ScreenTranzsitionTests.xctest */ = {isa = PBXFileReference; explicitFileType = wrapper.cfbundle; includeInIndex = 0; path = ScreenTranzsitionTests.xctest; sourceTree = BUILT_PRODUCTS_DIR; };
		5179C1DD20E8597B00884E69 /* ScreenTranzsitionTests.swift */ = {isa = PBXFileReference; lastKnownFileType = sourcecode.swift; path = ScreenTranzsitionTests.swift; sourceTree = "<group>"; };
		5179C1DF20E8597C00884E69 /* Info.plist */ = {isa = PBXFileReference; lastKnownFileType = text.plist.xml; path = Info.plist; sourceTree = "<group>"; };
		5179C1E420E8597C00884E69 /* ScreenTranzsitionUITests.xctest */ = {isa = PBXFileReference; explicitFileType = wrapper.cfbundle; includeInIndex = 0; path = ScreenTranzsitionUITests.xctest; sourceTree = BUILT_PRODUCTS_DIR; };
		5179C1E820E8597C00884E69 /* ScreenTranzsitionUITests.swift */ = {isa = PBXFileReference; lastKnownFileType = sourcecode.swift; path = ScreenTranzsitionUITests.swift; sourceTree = "<group>"; };
		5179C1EA20E8597C00884E69 /* Info.plist */ = {isa = PBXFileReference; lastKnownFileType = text.plist.xml; path = Info.plist; sourceTree = "<group>"; };
		5179C1F620E8636700884E69 /* SecoundViewController.swift */ = {isa = PBXFileReference; lastKnownFileType = sourcecode.swift; path = SecoundViewController.swift; sourceTree = "<group>"; };
		5179C1FA20E8754100884E69 /* ThreeViewController.swift */ = {isa = PBXFileReference; lastKnownFileType = sourcecode.swift; path = ThreeViewController.swift; sourceTree = "<group>"; };
		5179C1FC20E8841C00884E69 /* MenuViewController.swift */ = {isa = PBXFileReference; lastKnownFileType = sourcecode.swift; path = MenuViewController.swift; sourceTree = "<group>"; };
		5179C1FE20E8AC7800884E69 /* ParamUtil.swift */ = {isa = PBXFileReference; lastKnownFileType = sourcecode.swift; path = ParamUtil.swift; sourceTree = "<group>"; };
/* End PBXFileReference section */

/* Begin PBXFrameworksBuildPhase section */
		5179C1C220E8597800884E69 /* Frameworks */ = {
			isa = PBXFrameworksBuildPhase;
			buildActionMask = 2147483647;
			files = (
			);
			runOnlyForDeploymentPostprocessing = 0;
		};
		5179C1D620E8597B00884E69 /* Frameworks */ = {
			isa = PBXFrameworksBuildPhase;
			buildActionMask = 2147483647;
			files = (
			);
			runOnlyForDeploymentPostprocessing = 0;
		};
		5179C1E120E8597C00884E69 /* Frameworks */ = {
			isa = PBXFrameworksBuildPhase;
			buildActionMask = 2147483647;
			files = (
			);
			runOnlyForDeploymentPostprocessing = 0;
		};
/* End PBXFrameworksBuildPhase section */

/* Begin PBXGroup section */
		5179C1BC20E8597800884E69 = {
			isa = PBXGroup;
			children = (
				5179C1C720E8597800884E69 /* ScreenTranzsition */,
				5179C1DC20E8597B00884E69 /* ScreenTranzsitionTests */,
				5179C1E720E8597C00884E69 /* ScreenTranzsitionUITests */,
				5179C1C620E8597800884E69 /* Products */,
			);
			sourceTree = "<group>";
		};
		5179C1C620E8597800884E69 /* Products */ = {
			isa = PBXGroup;
			children = (
				5179C1C520E8597800884E69 /* ScreenTranzsition.app */,
				5179C1D920E8597B00884E69 /* ScreenTranzsitionTests.xctest */,
				5179C1E420E8597C00884E69 /* ScreenTranzsitionUITests.xctest */,
			);
			name = Products;
			sourceTree = "<group>";
		};
		5179C1C720E8597800884E69 /* ScreenTranzsition */ = {
			isa = PBXGroup;
			children = (
				5179C1C820E8597800884E69 /* AppDelegate.swift */,
				5179C1CA20E8597800884E69 /* FirstViewController.swift */,
				5179C1F620E8636700884E69 /* SecoundViewController.swift */,
				5179C1FA20E8754100884E69 /* ThreeViewController.swift */,
				5179C1CC20E8597800884E69 /* Main.storyboard */,
				5179C1CF20E8597B00884E69 /* Assets.xcassets */,
				5179C1D120E8597B00884E69 /* LaunchScreen.storyboard */,
				5179C1D420E8597B00884E69 /* Info.plist */,
				5179C1FC20E8841C00884E69 /* MenuViewController.swift */,
				5179C1FE20E8AC7800884E69 /* ParamUtil.swift */,
			);
			path = ScreenTranzsition;
			sourceTree = "<group>";
		};
		5179C1DC20E8597B00884E69 /* ScreenTranzsitionTests */ = {
			isa = PBXGroup;
			children = (
				5179C1DD20E8597B00884E69 /* ScreenTranzsitionTests.swift */,
				5179C1DF20E8597C00884E69 /* Info.plist */,
			);
			path = ScreenTranzsitionTests;
			sourceTree = "<group>";
		};
		5179C1E720E8597C00884E69 /* ScreenTranzsitionUITests */ = {
			isa = PBXGroup;
			children = (
				5179C1E820E8597C00884E69 /* ScreenTranzsitionUITests.swift */,
				5179C1EA20E8597C00884E69 /* Info.plist */,
			);
			path = ScreenTranzsitionUITests;
			sourceTree = "<group>";
		};
/* End PBXGroup section */

/* Begin PBXNativeTarget section */
		5179C1C420E8597800884E69 /* ScreenTranzsition */ = {
			isa = PBXNativeTarget;
			buildConfigurationList = 5179C1ED20E8597C00884E69 /* Build configuration list for PBXNativeTarget "ScreenTranzsition" */;
			buildPhases = (
				5179C1C120E8597800884E69 /* Sources */,
				5179C1C220E8597800884E69 /* Frameworks */,
				5179C1C320E8597800884E69 /* Resources */,
			);
			buildRules = (
			);
			dependencies = (
			);
			name = ScreenTranzsition;
			productName = ScreenTranzsition;
			productReference = 5179C1C520E8597800884E69 /* ScreenTranzsition.app */;
			productType = "com.apple.product-type.application";
		};
		5179C1D820E8597B00884E69 /* ScreenTranzsitionTests */ = {
			isa = PBXNativeTarget;
			buildConfigurationList = 5179C1F020E8597C00884E69 /* Build configuration list for PBXNativeTarget "ScreenTranzsitionTests" */;
			buildPhases = (
				5179C1D520E8597B00884E69 /* Sources */,
				5179C1D620E8597B00884E69 /* Frameworks */,
				5179C1D720E8597B00884E69 /* Resources */,
			);
			buildRules = (
			);
			dependencies = (
				5179C1DB20E8597B00884E69 /* PBXTargetDependency */,
			);
			name = ScreenTranzsitionTests;
			productName = ScreenTranzsitionTests;
			productReference = 5179C1D920E8597B00884E69 /* ScreenTranzsitionTests.xctest */;
			productType = "com.apple.product-type.bundle.unit-test";
		};
		5179C1E320E8597C00884E69 /* ScreenTranzsitionUITests */ = {
			isa = PBXNativeTarget;
			buildConfigurationList = 5179C1F320E8597C00884E69 /* Build configuration list for PBXNativeTarget "ScreenTranzsitionUITests" */;
			buildPhases = (
				5179C1E020E8597C00884E69 /* Sources */,
				5179C1E120E8597C00884E69 /* Frameworks */,
				5179C1E220E8597C00884E69 /* Resources */,
			);
			buildRules = (
			);
			dependencies = (
				5179C1E620E8597C00884E69 /* PBXTargetDependency */,
			);
			name = ScreenTranzsitionUITests;
			productName = ScreenTranzsitionUITests;
			productReference = 5179C1E420E8597C00884E69 /* ScreenTranzsitionUITests.xctest */;
			productType = "com.apple.product-type.bundle.ui-testing";
		};
/* End PBXNativeTarget section */

/* Begin PBXProject section */
		5179C1BD20E8597800884E69 /* Project object */ = {
			isa = PBXProject;
			attributes = {
				LastSwiftUpdateCheck = 0940;
				LastUpgradeCheck = 0940;
				ORGANIZATIONNAME = "Yamada Masaaki";
				TargetAttributes = {
					5179C1C420E8597800884E69 = {
						CreatedOnToolsVersion = 9.4.1;
					};
					5179C1D820E8597B00884E69 = {
						CreatedOnToolsVersion = 9.4.1;
						TestTargetID = 5179C1C420E8597800884E69;
					};
					5179C1E320E8597C00884E69 = {
						CreatedOnToolsVersion = 9.4.1;
						TestTargetID = 5179C1C420E8597800884E69;
					};
				};
			};
			buildConfigurationList = 5179C1C020E8597800884E69 /* Build configuration list for PBXProject "ScreenTranzsition" */;
			compatibilityVersion = "Xcode 9.3";
			developmentRegion = en;
			hasScannedForEncodings = 0;
			knownRegions = (
				en,
				Base,
			);
			mainGroup = 5179C1BC20E8597800884E69;
			productRefGroup = 5179C1C620E8597800884E69 /* Products */;
			projectDirPath = "";
			projectRoot = "";
			targets = (
				5179C1C420E8597800884E69 /* ScreenTranzsition */,
				5179C1D820E8597B00884E69 /* ScreenTranzsitionTests */,
				5179C1E320E8597C00884E69 /* ScreenTranzsitionUITests */,
			);
		};
/* End PBXProject section */

/* Begin PBXResourcesBuildPhase section */
		5179C1C320E8597800884E69 /* Resources */ = {
			isa = PBXResourcesBuildPhase;
			buildActionMask = 2147483647;
			files = (
				5179C1D320E8597B00884E69 /* LaunchScreen.storyboard in Resources */,
				5179C1D020E8597B00884E69 /* Assets.xcassets in Resources */,
				5179C1CE20E8597800884E69 /* Main.storyboard in Resources */,
			);
			runOnlyForDeploymentPostprocessing = 0;
		};
		5179C1D720E8597B00884E69 /* Resources */ = {
			isa = PBXResourcesBuildPhase;
			buildActionMask = 2147483647;
			files = (
			);
			runOnlyForDeploymentPostprocessing = 0;
		};
		5179C1E220E8597C00884E69 /* Resources */ = {
			isa = PBXResourcesBuildPhase;
			buildActionMask = 2147483647;
			files = (
			);
			runOnlyForDeploymentPostprocessing = 0;
		};
/* End PBXResourcesBuildPhase section */

/* Begin PBXSourcesBuildPhase section */
		5179C1C120E8597800884E69 /* Sources */ = {
			isa = PBXSourcesBuildPhase;
			buildActionMask = 2147483647;
			files = (
				5179C1FD20E8841C00884E69 /* MenuViewController.swift in Sources */,
				5179C1F720E8636700884E69 /* SecoundViewController.swift in Sources */,
				5179C1CB20E8597800884E69 /* FirstViewController.swift in Sources */,
				5179C1C920E8597800884E69 /* AppDelegate.swift in Sources */,
				5179C1FB20E8754100884E69 /* ThreeViewController.swift in Sources */,
				5179C1FF20E8AC7800884E69 /* ParamUtil.swift in Sources */,
			);
			runOnlyForDeploymentPostprocessing = 0;
		};
		5179C1D520E8597B00884E69 /* Sources */ = {
			isa = PBXSourcesBuildPhase;
			buildActionMask = 2147483647;
			files = (
				5179C1DE20E8597B00884E69 /* ScreenTranzsitionTests.swift in Sources */,
			);
			runOnlyForDeploymentPostprocessing = 0;
		};
		5179C1E020E8597C00884E69 /* Sources */ = {
			isa = PBXSourcesBuildPhase;
			buildActionMask = 2147483647;
			files = (
				5179C1E920E8597C00884E69 /* ScreenTranzsitionUITests.swift in Sources */,
			);
			runOnlyForDeploymentPostprocessing = 0;
		};
/* End PBXSourcesBuildPhase section */

/* Begin PBXTargetDependency section */
		5179C1DB20E8597B00884E69 /* PBXTargetDependency */ = {
			isa = PBXTargetDependency;
			target = 5179C1C420E8597800884E69 /* ScreenTranzsition */;
			targetProxy = 5179C1DA20E8597B00884E69 /* PBXContainerItemProxy */;
		};
		5179C1E620E8597C00884E69 /* PBXTargetDependency */ = {
			isa = PBXTargetDependency;
			target = 5179C1C420E8597800884E69 /* ScreenTranzsition */;
			targetProxy = 5179C1E520E8597C00884E69 /* PBXContainerItemProxy */;
		};
/* End PBXTargetDependency section */

/* Begin PBXVariantGroup section */
		5179C1CC20E8597800884E69 /* Main.storyboard */ = {
			isa = PBXVariantGroup;
			children = (
				5179C1CD20E8597800884E69 /* Base */,
			);
			name = Main.storyboard;
			sourceTree = "<group>";
		};
		5179C1D120E8597B00884E69 /* LaunchScreen.storyboard */ = {
			isa = PBXVariantGroup;
			children = (
				5179C1D220E8597B00884E69 /* Base */,
			);
			name = LaunchScreen.storyboard;
			sourceTree = "<group>";
		};
/* End PBXVariantGroup section */

/* Begin XCBuildConfiguration section */
		5179C1EB20E8597C00884E69 /* Debug */ = {
			isa = XCBuildConfiguration;
			buildSettings = {
				ALWAYS_SEARCH_USER_PATHS = NO;
				CLANG_ANALYZER_NONNULL = YES;
				CLANG_ANALYZER_NUMBER_OBJECT_CONVERSION = YES_AGGRESSIVE;
				CLANG_CXX_LANGUAGE_STANDARD = "gnu++14";
				CLANG_CXX_LIBRARY = "libc++";
				CLANG_ENABLE_MODULES = YES;
				CLANG_ENABLE_OBJC_ARC = YES;
				CLANG_ENABLE_OBJC_WEAK = YES;
				CLANG_WARN_BLOCK_CAPTURE_AUTORELEASING = YES;
				CLANG_WARN_BOOL_CONVERSION = YES;
				CLANG_WARN_COMMA = YES;
				CLANG_WARN_CONSTANT_CONVERSION = YES;
				CLANG_WARN_DEPRECATED_OBJC_IMPLEMENTATIONS = YES;
				CLANG_WARN_DIRECT_OBJC_ISA_USAGE = YES_ERROR;
				CLANG_WARN_DOCUMENTATION_COMMENTS = YES;
				CLANG_WARN_EMPTY_BODY = YES;
				CLANG_WARN_ENUM_CONVERSION = YES;
				CLANG_WARN_INFINITE_RECURSION = YES;
				CLANG_WARN_INT_CONVERSION = YES;
				CLANG_WARN_NON_LITERAL_NULL_CONVERSION = YES;
				CLANG_WARN_OBJC_IMPLICIT_RETAIN_SELF = YES;
				CLANG_WARN_OBJC_LITERAL_CONVERSION = YES;
				CLANG_WARN_OBJC_ROOT_CLASS = YES_ERROR;
				CLANG_WARN_RANGE_LOOP_ANALYSIS = YES;
				CLANG_WARN_STRICT_PROTOTYPES = YES;
				CLANG_WARN_SUSPICIOUS_MOVE = YES;
				CLANG_WARN_UNGUARDED_AVAILABILITY = YES_AGGRESSIVE;
				CLANG_WARN_UNREACHABLE_CODE = YES;
				CLANG_WARN__DUPLICATE_METHOD_MATCH = YES;
				CODE_SIGN_IDENTITY = "iPhone Developer";
				COPY_PHASE_STRIP = NO;
				DEBUG_INFORMATION_FORMAT = dwarf;
				ENABLE_STRICT_OBJC_MSGSEND = YES;
				ENABLE_TESTABILITY = YES;
				GCC_C_LANGUAGE_STANDARD = gnu11;
				GCC_DYNAMIC_NO_PIC = NO;
				GCC_NO_COMMON_BLOCKS = YES;
				GCC_OPTIMIZATION_LEVEL = 0;
				GCC_PREPROCESSOR_DEFINITIONS = (
					"DEBUG=1",
					"$(inherited)",
				);
				GCC_WARN_64_TO_32_BIT_CONVERSION = YES;
				GCC_WARN_ABOUT_RETURN_TYPE = YES_ERROR;
				GCC_WARN_UNDECLARED_SELECTOR = YES;
				GCC_WARN_UNINITIALIZED_AUTOS = YES_AGGRESSIVE;
				GCC_WARN_UNUSED_FUNCTION = YES;
				GCC_WARN_UNUSED_VARIABLE = YES;
				IPHONEOS_DEPLOYMENT_TARGET = 11.4;
				MTL_ENABLE_DEBUG_INFO = YES;
				ONLY_ACTIVE_ARCH = YES;
				SDKROOT = iphoneos;
				SWIFT_ACTIVE_COMPILATION_CONDITIONS = DEBUG;
				SWIFT_OPTIMIZATION_LEVEL = "-Onone";
			};
			name = Debug;
		};
		5179C1EC20E8597C00884E69 /* Release */ = {
			isa = XCBuildConfiguration;
			buildSettings = {
				ALWAYS_SEARCH_USER_PATHS = NO;
				CLANG_ANALYZER_NONNULL = YES;
				CLANG_ANALYZER_NUMBER_OBJECT_CONVERSION = YES_AGGRESSIVE;
				CLANG_CXX_LANGUAGE_STANDARD = "gnu++14";
				CLANG_CXX_LIBRARY = "libc++";
				CLANG_ENABLE_MODULES = YES;
				CLANG_ENABLE_OBJC_ARC = YES;
				CLANG_ENABLE_OBJC_WEAK = YES;
				CLANG_WARN_BLOCK_CAPTURE_AUTORELEASING = YES;
				CLANG_WARN_BOOL_CONVERSION = YES;
				CLANG_WARN_COMMA = YES;
				CLANG_WARN_CONSTANT_CONVERSION = YES;
				CLANG_WARN_DEPRECATED_OBJC_IMPLEMENTATIONS = YES;
				CLANG_WARN_DIRECT_OBJC_ISA_USAGE = YES_ERROR;
				CLANG_WARN_DOCUMENTATION_COMMENTS = YES;
				CLANG_WARN_EMPTY_BODY = YES;
				CLANG_WARN_ENUM_CONVERSION = YES;
				CLANG_WARN_INFINITE_RECURSION = YES;
				CLANG_WARN_INT_CONVERSION = YES;
				CLANG_WARN_NON_LITERAL_NULL_CONVERSION = YES;
				CLANG_WARN_OBJC_IMPLICIT_RETAIN_SELF = YES;
				CLANG_WARN_OBJC_LITERAL_CONVERSION = YES;
				CLANG_WARN_OBJC_ROOT_CLASS = YES_ERROR;
				CLANG_WARN_RANGE_LOOP_ANALYSIS = YES;
				CLANG_WARN_STRICT_PROTOTYPES = YES;
				CLANG_WARN_SUSPICIOUS_MOVE = YES;
				CLANG_WARN_UNGUARDED_AVAILABILITY = YES_AGGRESSIVE;
				CLANG_WARN_UNREACHABLE_CODE = YES;
				CLANG_WARN__DUPLICATE_METHOD_MATCH = YES;
				CODE_SIGN_IDENTITY = "iPhone Developer";
				COPY_PHASE_STRIP = NO;
				DEBUG_INFORMATION_FORMAT = "dwarf-with-dsym";
				ENABLE_NS_ASSERTIONS = NO;
				ENABLE_STRICT_OBJC_MSGSEND = YES;
				GCC_C_LANGUAGE_STANDARD = gnu11;
				GCC_NO_COMMON_BLOCKS = YES;
				GCC_WARN_64_TO_32_BIT_CONVERSION = YES;
				GCC_WARN_ABOUT_RETURN_TYPE = YES_ERROR;
				GCC_WARN_UNDECLARED_SELECTOR = YES;
				GCC_WARN_UNINITIALIZED_AUTOS = YES_AGGRESSIVE;
				GCC_WARN_UNUSED_FUNCTION = YES;
				GCC_WARN_UNUSED_VARIABLE = YES;
				IPHONEOS_DEPLOYMENT_TARGET = 11.4;
				MTL_ENABLE_DEBUG_INFO = NO;
				SDKROOT = iphoneos;
				SWIFT_COMPILATION_MODE = wholemodule;
				SWIFT_OPTIMIZATION_LEVEL = "-O";
				VALIDATE_PRODUCT = YES;
			};
			name = Release;
		};
		5179C1EE20E8597C00884E69 /* Debug */ = {
			isa = XCBuildConfiguration;
			buildSettings = {
				ASSETCATALOG_COMPILER_APPICON_NAME = AppIcon;
				CODE_SIGN_STYLE = Automatic;
				INFOPLIST_FILE = ScreenTranzsition/Info.plist;
				LD_RUNPATH_SEARCH_PATHS = (
					"$(inherited)",
					"@executable_path/Frameworks",
				);
				PRODUCT_BUNDLE_IDENTIFIER = yamasaaki.com.ScreenTranzsition;
				PRODUCT_NAME = "$(TARGET_NAME)";
				SWIFT_VERSION = 4.0;
				TARGETED_DEVICE_FAMILY = "1,2";
			};
			name = Debug;
		};
		5179C1EF20E8597C00884E69 /* Release */ = {
			isa = XCBuildConfiguration;
			buildSettings = {
				ASSETCATALOG_COMPILER_APPICON_NAME = AppIcon;
				CODE_SIGN_STYLE = Automatic;
				INFOPLIST_FILE = ScreenTranzsition/Info.plist;
				LD_RUNPATH_SEARCH_PATHS = (
					"$(inherited)",
					"@executable_path/Frameworks",
				);
				PRODUCT_BUNDLE_IDENTIFIER = yamasaaki.com.ScreenTranzsition;
				PRODUCT_NAME = "$(TARGET_NAME)";
				SWIFT_VERSION = 4.0;
				TARGETED_DEVICE_FAMILY = "1,2";
			};
			name = Release;
		};
		5179C1F120E8597C00884E69 /* Debug */ = {
			isa = XCBuildConfiguration;
			buildSettings = {
				ALWAYS_EMBED_SWIFT_STANDARD_LIBRARIES = YES;
				BUNDLE_LOADER = "$(TEST_HOST)";
				CODE_SIGN_STYLE = Automatic;
				INFOPLIST_FILE = ScreenTranzsitionTests/Info.plist;
				LD_RUNPATH_SEARCH_PATHS = (
					"$(inherited)",
					"@executable_path/Frameworks",
					"@loader_path/Frameworks",
				);
				PRODUCT_BUNDLE_IDENTIFIER = yamasaaki.com.ScreenTranzsitionTests;
				PRODUCT_NAME = "$(TARGET_NAME)";
				SWIFT_VERSION = 4.0;
				TARGETED_DEVICE_FAMILY = "1,2";
				TEST_HOST = "$(BUILT_PRODUCTS_DIR)/ScreenTranzsition.app/ScreenTranzsition";
			};
			name = Debug;
		};
		5179C1F220E8597C00884E69 /* Release */ = {
			isa = XCBuildConfiguration;
			buildSettings = {
				ALWAYS_EMBED_SWIFT_STANDARD_LIBRARIES = YES;
				BUNDLE_LOADER = "$(TEST_HOST)";
				CODE_SIGN_STYLE = Automatic;
				INFOPLIST_FILE = ScreenTranzsitionTests/Info.plist;
				LD_RUNPATH_SEARCH_PATHS = (
					"$(inherited)",
					"@executable_path/Frameworks",
					"@loader_path/Frameworks",
				);
				PRODUCT_BUNDLE_IDENTIFIER = yamasaaki.com.ScreenTranzsitionTests;
				PRODUCT_NAME = "$(TARGET_NAME)";
				SWIFT_VERSION = 4.0;
				TARGETED_DEVICE_FAMILY = "1,2";
				TEST_HOST = "$(BUILT_PRODUCTS_DIR)/ScreenTranzsition.app/ScreenTranzsition";
			};
			name = Release;
		};
		5179C1F420E8597C00884E69 /* Debug */ = {
			isa = XCBuildConfiguration;
			buildSettings = {
				ALWAYS_EMBED_SWIFT_STANDARD_LIBRARIES = YES;
				CODE_SIGN_STYLE = Automatic;
				INFOPLIST_FILE = ScreenTranzsitionUITests/Info.plist;
				LD_RUNPATH_SEARCH_PATHS = (
					"$(inherited)",
					"@executable_path/Frameworks",
					"@loader_path/Frameworks",
				);
				PRODUCT_BUNDLE_IDENTIFIER = yamasaaki.com.ScreenTranzsitionUITests;
				PRODUCT_NAME = "$(TARGET_NAME)";
				SWIFT_VERSION = 4.0;
				TARGETED_DEVICE_FAMILY = "1,2";
				TEST_TARGET_NAME = ScreenTranzsition;
			};
			name = Debug;
		};
		5179C1F520E8597C00884E69 /* Release */ = {
			isa = XCBuildConfiguration;
			buildSettings = {
				ALWAYS_EMBED_SWIFT_STANDARD_LIBRARIES = YES;
				CODE_SIGN_STYLE = Automatic;
				INFOPLIST_FILE = ScreenTranzsitionUITests/Info.plist;
				LD_RUNPATH_SEARCH_PATHS = (
					"$(inherited)",
					"@executable_path/Frameworks",
					"@loader_path/Frameworks",
				);
				PRODUCT_BUNDLE_IDENTIFIER = yamasaaki.com.ScreenTranzsitionUITests;
				PRODUCT_NAME = "$(TARGET_NAME)";
				SWIFT_VERSION = 4.0;
				TARGETED_DEVICE_FAMILY = "1,2";
				TEST_TARGET_NAME = ScreenTranzsition;
			};
			name = Release;
		};
/* End XCBuildConfiguration section */

/* Begin XCConfigurationList section */
		5179C1C020E8597800884E69 /* Build configuration list for PBXProject "ScreenTranzsition" */ = {
			isa = XCConfigurationList;
			buildConfigurations = (
				5179C1EB20E8597C00884E69 /* Debug */,
				5179C1EC20E8597C00884E69 /* Release */,
			);
			defaultConfigurationIsVisible = 0;
			defaultConfigurationName = Release;
		};
		5179C1ED20E8597C00884E69 /* Build configuration list for PBXNativeTarget "ScreenTranzsition" */ = {
			isa = XCConfigurationList;
			buildConfigurations = (
				5179C1EE20E8597C00884E69 /* Debug */,
				5179C1EF20E8597C00884E69 /* Release */,
			);
			defaultConfigurationIsVisible = 0;
			defaultConfigurationName = Release;
		};
		5179C1F020E8597C00884E69 /* Build configuration list for PBXNativeTarget "ScreenTranzsitionTests" */ = {
			isa = XCConfigurationList;
			buildConfigurations = (
				5179C1F120E8597C00884E69 /* Debug */,
				5179C1F220E8597C00884E69 /* Release */,
			);
			defaultConfigurationIsVisible = 0;
			defaultConfigurationName = Release;
		};
		5179C1F320E8597C00884E69 /* Build configuration list for PBXNativeTarget "ScreenTranzsitionUITests" */ = {
			isa = XCConfigurationList;
			buildConfigurations = (
				5179C1F420E8597C00884E69 /* Debug */,
				5179C1F520E8597C00884E69 /* Release */,
			);
			defaultConfigurationIsVisible = 0;
			defaultConfigurationName = Release;
		};
/* End XCConfigurationList section */
	};
	rootObject = 5179C1BD20E8597800884E69 /* Project object */;
}
